
Microsoft Visual Studio Solution File, Format Version 12.00
# Visual Studio 2012
Project("{FAE04EC0-301F-11D3-BF4B-00C04F79EFBC}") = "Sandbox-CSharp-ConsumeRestApi", "Sandbox-CSharp-ConsumeRestApi.csproj", "{9A74E566-4F7D-4AC1-A8F5-DF3F4A755478}"
EndProject
Global
	GlobalSection(SolutionConfigurationPlatforms) = preSolution
		Debug|x86 = Debug|x86
		Release|x86 = Release|x86
	EndGlobalSection
	GlobalSection(ProjectConfigurationPlatforms) = postSolution
		{9A74E566-4F7D-4AC1-A8F5-DF3F4A755478}.Debug|x86.ActiveCfg = Debug|x86
		{9A74E566-4F7D-4AC1-A8F5-DF3F4A755478}.Debug|x86.Build.0 = Debug|x86
		{9A74E566-4F7D-4AC1-A8F5-DF3F4A755478}.Release|x86.ActiveCfg = Release|x86
		{9A74E566-4F7D-4AC1-A8F5-DF3F4A755478}.Release|x86.Build.0 = Release|x86
	EndGlobalSection
EndGlobal
